// !$*UTF8*$!
{
	archiveVersion = 1;
	classes = {
	};
	objectVersion = 50;
	objects = {

/* Begin PBXBuildFile section */
		16DB369622D38F2D00AD02C6 /* AppDelegate.swift in Sources */ = {isa = PBXBuildFile; fileRef = 16DB369522D38F2D00AD02C6 /* AppDelegate.swift */; };
		16DB369822D38F2D00AD02C6 /* WelcomeViewController.swift in Sources */ = {isa = PBXBuildFile; fileRef = 16DB369722D38F2D00AD02C6 /* WelcomeViewController.swift */; };
		16DB369B22D38F2D00AD02C6 /* Main.storyboard in Resources */ = {isa = PBXBuildFile; fileRef = 16DB369922D38F2D00AD02C6 /* Main.storyboard */; };
		16DB369E22D38F2D00AD02C6 /* SwipeMeIn.xcdatamodeld in Sources */ = {isa = PBXBuildFile; fileRef = 16DB369C22D38F2D00AD02C6 /* SwipeMeIn.xcdatamodeld */; };
		16DB36A022D38F2F00AD02C6 /* Assets.xcassets in Resources */ = {isa = PBXBuildFile; fileRef = 16DB369F22D38F2F00AD02C6 /* Assets.xcassets */; };
		16DB36A322D38F2F00AD02C6 /* LaunchScreen.storyboard in Resources */ = {isa = PBXBuildFile; fileRef = 16DB36A122D38F2F00AD02C6 /* LaunchScreen.storyboard */; };
		16DB36AD22D394B600AD02C6 /* WelcomeViewController.storyboard in Resources */ = {isa = PBXBuildFile; fileRef = 16DB36AC22D394B600AD02C6 /* WelcomeViewController.storyboard */; };
/* End PBXBuildFile section */

/* Begin PBXFileReference section */
		16DB369222D38F2D00AD02C6 /* SwipeMeIn.app */ = {isa = PBXFileReference; explicitFileType = wrapper.application; includeInIndex = 0; path = SwipeMeIn.app; sourceTree = BUILT_PRODUCTS_DIR; };
		16DB369522D38F2D00AD02C6 /* AppDelegate.swift */ = {isa = PBXFileReference; lastKnownFileType = sourcecode.swift; path = AppDelegate.swift; sourceTree = "<group>"; };
		16DB369722D38F2D00AD02C6 /* WelcomeViewController.swift */ = {isa = PBXFileReference; lastKnownFileType = sourcecode.swift; path = WelcomeViewController.swift; sourceTree = "<group>"; };
		16DB369A22D38F2D00AD02C6 /* Base */ = {isa = PBXFileReference; lastKnownFileType = file.storyboard; name = Base; path = Base.lproj/Main.storyboard; sourceTree = "<group>"; };
		16DB369D22D38F2D00AD02C6 /* SwipeMeIn.xcdatamodel */ = {isa = PBXFileReference; lastKnownFileType = wrapper.xcdatamodel; path = SwipeMeIn.xcdatamodel; sourceTree = "<group>"; };
		16DB369F22D38F2F00AD02C6 /* Assets.xcassets */ = {isa = PBXFileReference; lastKnownFileType = folder.assetcatalog; path = Assets.xcassets; sourceTree = "<group>"; };
		16DB36A222D38F2F00AD02C6 /* Base */ = {isa = PBXFileReference; lastKnownFileType = file.storyboard; name = Base; path = Base.lproj/LaunchScreen.storyboard; sourceTree = "<group>"; };
		16DB36A422D38F2F00AD02C6 /* Info.plist */ = {isa = PBXFileReference; lastKnownFileType = text.plist.xml; path = Info.plist; sourceTree = "<group>"; };
		16DB36AC22D394B600AD02C6 /* WelcomeViewController.storyboard */ = {isa = PBXFileReference; lastKnownFileType = file.storyboard; path = WelcomeViewController.storyboard; sourceTree = "<group>"; };
/* End PBXFileReference section */

/* Begin PBXFrameworksBuildPhase section */
		16DB368F22D38F2D00AD02C6 /* Frameworks */ = {
			isa = PBXFrameworksBuildPhase;
			buildActionMask = 2147483647;
			files = (
			);
			runOnlyForDeploymentPostprocessing = 0;
		};
/* End PBXFrameworksBuildPhase section */

/* Begin PBXGroup section */
		16DB368922D38F2D00AD02C6 = {
			isa = PBXGroup;
			children = (
				16DB369422D38F2D00AD02C6 /* SwipeMeIn */,
				16DB369322D38F2D00AD02C6 /* Products */,
			);
			sourceTree = "<group>";
		};
		16DB369322D38F2D00AD02C6 /* Products */ = {
			isa = PBXGroup;
			children = (
				16DB369222D38F2D00AD02C6 /* SwipeMeIn.app */,
			);
			name = Products;
			sourceTree = "<group>";
		};
		16DB369422D38F2D00AD02C6 /* SwipeMeIn */ = {
			isa = PBXGroup;
			children = (
				16DB369522D38F2D00AD02C6 /* AppDelegate.swift */,
				16DB36AB22D3938700AD02C6 /* ViewControllers */,
				16DB36AA22D3937C00AD02C6 /* InterfaceBuilder */,
				16DB369F22D38F2F00AD02C6 /* Assets.xcassets */,
				16DB36A422D38F2F00AD02C6 /* Info.plist */,
				16DB369C22D38F2D00AD02C6 /* SwipeMeIn.xcdatamodeld */,
			);
			path = SwipeMeIn;
			sourceTree = "<group>";
		};
		16DB36AA22D3937C00AD02C6 /* InterfaceBuilder */ = {
			isa = PBXGroup;
			children = (
				16DB369922D38F2D00AD02C6 /* Main.storyboard */,
				16DB36AC22D394B600AD02C6 /* WelcomeViewController.storyboard */,
				16DB36A122D38F2F00AD02C6 /* LaunchScreen.storyboard */,
			);
			path = InterfaceBuilder;
			sourceTree = "<group>";
		};
		16DB36AB22D3938700AD02C6 /* ViewControllers */ = {
			isa = PBXGroup;
			children = (
				16DB369722D38F2D00AD02C6 /* WelcomeViewController.swift */,
			);
			path = ViewControllers;
			sourceTree = "<group>";
		};
/* End PBXGroup section */

/* Begin PBXNativeTarget section */
		16DB369122D38F2D00AD02C6 /* SwipeMeIn */ = {
			isa = PBXNativeTarget;
			buildConfigurationList = 16DB36A722D38F2F00AD02C6 /* Build configuration list for PBXNativeTarget "SwipeMeIn" */;
			buildPhases = (
				16DB368E22D38F2D00AD02C6 /* Sources */,
				16DB368F22D38F2D00AD02C6 /* Frameworks */,
				16DB369022D38F2D00AD02C6 /* Resources */,
			);
			buildRules = (
			);
			dependencies = (
			);
			name = SwipeMeIn;
			productName = SwipeMeIn;
			productReference = 16DB369222D38F2D00AD02C6 /* SwipeMeIn.app */;
			productType = "com.apple.product-type.application";
		};
/* End PBXNativeTarget section */

/* Begin PBXProject section */
		16DB368A22D38F2D00AD02C6 /* Project object */ = {
			isa = PBXProject;
			attributes = {
				LastSwiftUpdateCheck = 1020;
				LastUpgradeCheck = 1020;
				ORGANIZATIONNAME = "Jacob Hausmann";
				TargetAttributes = {
					16DB369122D38F2D00AD02C6 = {
						CreatedOnToolsVersion = 10.2;
					};
				};
			};
			buildConfigurationList = 16DB368D22D38F2D00AD02C6 /* Build configuration list for PBXProject "SwipeMeIn" */;
			compatibilityVersion = "Xcode 9.3";
			developmentRegion = en;
			hasScannedForEncodings = 0;
			knownRegions = (
				en,
				Base,
			);
			mainGroup = 16DB368922D38F2D00AD02C6;
			productRefGroup = 16DB369322D38F2D00AD02C6 /* Products */;
			projectDirPath = "";
			projectRoot = "";
			targets = (
				16DB369122D38F2D00AD02C6 /* SwipeMeIn */,
			);
		};
/* End PBXProject section */

/* Begin PBXResourcesBuildPhase section */
		16DB369022D38F2D00AD02C6 /* Resources */ = {
			isa = PBXResourcesBuildPhase;
			buildActionMask = 2147483647;
			files = (
				16DB36AD22D394B600AD02C6 /* WelcomeViewController.storyboard in Resources */,
				16DB36A322D38F2F00AD02C6 /* LaunchScreen.storyboard in Resources */,
				16DB36A022D38F2F00AD02C6 /* Assets.xcassets in Resources */,
				16DB369B22D38F2D00AD02C6 /* Main.storyboard in Resources */,
			);
			runOnlyForDeploymentPostprocessing = 0;
		};
/* End PBXResourcesBuildPhase section */

/* Begin PBXSourcesBuildPhase section */
		16DB368E22D38F2D00AD02C6 /* Sources */ = {
			isa = PBXSourcesBuildPhase;
			buildActionMask = 2147483647;
			files = (
				16DB369822D38F2D00AD02C6 /* WelcomeViewController.swift in Sources */,
				16DB369622D38F2D00AD02C6 /* AppDelegate.swift in Sources */,
				16DB369E22D38F2D00AD02C6 /* SwipeMeIn.xcdatamodeld in Sources */,
			);
			runOnlyForDeploymentPostprocessing = 0;
		};
/* End PBXSourcesBuildPhase section */

/* Begin PBXVariantGroup section */
		16DB369922D38F2D00AD02C6 /* Main.storyboard */ = {
			isa = PBXVariantGroup;
			children = (
				16DB369A22D38F2D00AD02C6 /* Base */,
			);
			name = Main.storyboard;
			sourceTree = "<group>";
		};
		16DB36A122D38F2F00AD02C6 /* LaunchScreen.storyboard */ = {
			isa = PBXVariantGroup;
			children = (
				16DB36A222D38F2F00AD02C6 /* Base */,
			);
			name = LaunchScreen.storyboard;
			sourceTree = "<group>";
		};
/* End PBXVariantGroup section */

/* Begin XCBuildConfiguration section */
		16DB36A522D38F2F00AD02C6 /* Debug */ = {
			isa = XCBuildConfiguration;
			buildSettings = {
				ALWAYS_SEARCH_USER_PATHS = NO;
				CLANG_ANALYZER_NONNULL = YES;
				CLANG_ANALYZER_NUMBER_OBJECT_CONVERSION = YES_AGGRESSIVE;
				CLANG_CXX_LANGUAGE_STANDARD = "gnu++14";
				CLANG_CXX_LIBRARY = "libc++";
				CLANG_ENABLE_MODULES = YES;
				CLANG_ENABLE_OBJC_ARC = YES;
				CLANG_ENABLE_OBJC_WEAK = YES;
				CLANG_WARN_BLOCK_CAPTURE_AUTORELEASING = YES;
				CLANG_WARN_BOOL_CONVERSION = YES;
				CLANG_WARN_COMMA = YES;
				CLANG_WARN_CONSTANT_CONVERSION = YES;
				CLANG_WARN_DEPRECATED_OBJC_IMPLEMENTATIONS = YES;
				CLANG_WARN_DIRECT_OBJC_ISA_USAGE = YES_ERROR;
				CLANG_WARN_DOCUMENTATION_COMMENTS = YES;
				CLANG_WARN_EMPTY_BODY = YES;
				CLANG_WARN_ENUM_CONVERSION = YES;
				CLANG_WARN_INFINITE_RECURSION = YES;
				CLANG_WARN_INT_CONVERSION = YES;
				CLANG_WARN_NON_LITERAL_NULL_CONVERSION = YES;
				CLANG_WARN_OBJC_IMPLICIT_RETAIN_SELF = YES;
				CLANG_WARN_OBJC_LITERAL_CONVERSION = YES;
				CLANG_WARN_OBJC_ROOT_CLASS = YES_ERROR;
				CLANG_WARN_RANGE_LOOP_ANALYSIS = YES;
				CLANG_WARN_STRICT_PROTOTYPES = YES;
				CLANG_WARN_SUSPICIOUS_MOVE = YES;
				CLANG_WARN_UNGUARDED_AVAILABILITY = YES_AGGRESSIVE;
				CLANG_WARN_UNREACHABLE_CODE = YES;
				CLANG_WARN__DUPLICATE_METHOD_MATCH = YES;
				CODE_SIGN_IDENTITY = "iPhone Developer";
				COPY_PHASE_STRIP = NO;
				DEBUG_INFORMATION_FORMAT = dwarf;
				ENABLE_STRICT_OBJC_MSGSEND = YES;
				ENABLE_TESTABILITY = YES;
				GCC_C_LANGUAGE_STANDARD = gnu11;
				GCC_DYNAMIC_NO_PIC = NO;
				GCC_NO_COMMON_BLOCKS = YES;
				GCC_OPTIMIZATION_LEVEL = 0;
				GCC_PREPROCESSOR_DEFINITIONS = (
					"DEBUG=1",
					"$(inherited)",
				);
				GCC_WARN_64_TO_32_BIT_CONVERSION = YES;
				GCC_WARN_ABOUT_RETURN_TYPE = YES_ERROR;
				GCC_WARN_UNDECLARED_SELECTOR = YES;
				GCC_WARN_UNINITIALIZED_AUTOS = YES_AGGRESSIVE;
				GCC_WARN_UNUSED_FUNCTION = YES;
				GCC_WARN_UNUSED_VARIABLE = YES;
				IPHONEOS_DEPLOYMENT_TARGET = 12.2;
				MTL_ENABLE_DEBUG_INFO = INCLUDE_SOURCE;
				MTL_FAST_MATH = YES;
				ONLY_ACTIVE_ARCH = YES;
				SDKROOT = iphoneos;
				SWIFT_ACTIVE_COMPILATION_CONDITIONS = DEBUG;
				SWIFT_OPTIMIZATION_LEVEL = "-Onone";
			};
			name = Debug;
		};
		16DB36A622D38F2F00AD02C6 /* Release */ = {
			isa = XCBuildConfiguration;
			buildSettings = {
				ALWAYS_SEARCH_USER_PATHS = NO;
				CLANG_ANALYZER_NONNULL = YES;
				CLANG_ANALYZER_NUMBER_OBJECT_CONVERSION = YES_AGGRESSIVE;
				CLANG_CXX_LANGUAGE_STANDARD = "gnu++14";
				CLANG_CXX_LIBRARY = "libc++";
				CLANG_ENABLE_MODULES = YES;
				CLANG_ENABLE_OBJC_ARC = YES;
				CLANG_ENABLE_OBJC_WEAK = YES;
				CLANG_WARN_BLOCK_CAPTURE_AUTORELEASING = YES;
				CLANG_WARN_BOOL_CONVERSION = YES;
				CLANG_WARN_COMMA = YES;
				CLANG_WARN_CONSTANT_CONVERSION = YES;
				CLANG_WARN_DEPRECATED_OBJC_IMPLEMENTATIONS = YES;
				CLANG_WARN_DIRECT_OBJC_ISA_USAGE = YES_ERROR;
				CLANG_WARN_DOCUMENTATION_COMMENTS = YES;
				CLANG_WARN_EMPTY_BODY = YES;
				CLANG_WARN_ENUM_CONVERSION = YES;
				CLANG_WARN_INFINITE_RECURSION = YES;
				CLANG_WARN_INT_CONVERSION = YES;
				CLANG_WARN_NON_LITERAL_NULL_CONVERSION = YES;
				CLANG_WARN_OBJC_IMPLICIT_RETAIN_SELF = YES;
				CLANG_WARN_OBJC_LITERAL_CONVERSION = YES;
				CLANG_WARN_OBJC_ROOT_CLASS = YES_ERROR;
				CLANG_WARN_RANGE_LOOP_ANALYSIS = YES;
				CLANG_WARN_STRICT_PROTOTYPES = YES;
				CLANG_WARN_SUSPICIOUS_MOVE = YES;
				CLANG_WARN_UNGUARDED_AVAILABILITY = YES_AGGRESSIVE;
				CLANG_WARN_UNREACHABLE_CODE = YES;
				CLANG_WARN__DUPLICATE_METHOD_MATCH = YES;
				CODE_SIGN_IDENTITY = "iPhone Developer";
				COPY_PHASE_STRIP = NO;
				DEBUG_INFORMATION_FORMAT = "dwarf-with-dsym";
				ENABLE_NS_ASSERTIONS = NO;
				ENABLE_STRICT_OBJC_MSGSEND = YES;
				GCC_C_LANGUAGE_STANDARD = gnu11;
				GCC_NO_COMMON_BLOCKS = YES;
				GCC_WARN_64_TO_32_BIT_CONVERSION = YES;
				GCC_WARN_ABOUT_RETURN_TYPE = YES_ERROR;
				GCC_WARN_UNDECLARED_SELECTOR = YES;
				GCC_WARN_UNINITIALIZED_AUTOS = YES_AGGRESSIVE;
				GCC_WARN_UNUSED_FUNCTION = YES;
				GCC_WARN_UNUSED_VARIABLE = YES;
				IPHONEOS_DEPLOYMENT_TARGET = 12.2;
				MTL_ENABLE_DEBUG_INFO = NO;
				MTL_FAST_MATH = YES;
				SDKROOT = iphoneos;
				SWIFT_COMPILATION_MODE = wholemodule;
				SWIFT_OPTIMIZATION_LEVEL = "-O";
				VALIDATE_PRODUCT = YES;
			};
			name = Release;
		};
		16DB36A822D38F2F00AD02C6 /* Debug */ = {
			isa = XCBuildConfiguration;
			buildSettings = {
				ASSETCATALOG_COMPILER_APPICON_NAME = AppIcon;
				CODE_SIGN_STYLE = Automatic;
				DEVELOPMENT_TEAM = XL7GDMK5QJ;
				INFOPLIST_FILE = SwipeMeIn/Info.plist;
				LD_RUNPATH_SEARCH_PATHS = (
					"$(inherited)",
					"@executable_path/Frameworks",
				);
				PRODUCT_BUNDLE_IDENTIFIER = edu.utexas.jh54765.SwipeMeIn;
				PRODUCT_NAME = "$(TARGET_NAME)";
				SWIFT_VERSION = 5.0;
				TARGETED_DEVICE_FAMILY = "1,2";
			};
			name = Debug;
		};
		16DB36A922D38F2F00AD02C6 /* Release */ = {
			isa = XCBuildConfiguration;
			buildSettings = {
				ASSETCATALOG_COMPILER_APPICON_NAME = AppIcon;
				CODE_SIGN_STYLE = Automatic;
				DEVELOPMENT_TEAM = XL7GDMK5QJ;
				INFOPLIST_FILE = SwipeMeIn/Info.plist;
				LD_RUNPATH_SEARCH_PATHS = (
					"$(inherited)",
					"@executable_path/Frameworks",
				);
				PRODUCT_BUNDLE_IDENTIFIER = edu.utexas.jh54765.SwipeMeIn;
				PRODUCT_NAME = "$(TARGET_NAME)";
				SWIFT_VERSION = 5.0;
				TARGETED_DEVICE_FAMILY = "1,2";
			};
			name = Release;
		};
/* End XCBuildConfiguration section */

/* Begin XCConfigurationList section */
		16DB368D22D38F2D00AD02C6 /* Build configuration list for PBXProject "SwipeMeIn" */ = {
			isa = XCConfigurationList;
			buildConfigurations = (
				16DB36A522D38F2F00AD02C6 /* Debug */,
				16DB36A622D38F2F00AD02C6 /* Release */,
			);
			defaultConfigurationIsVisible = 0;
			defaultConfigurationName = Release;
		};
		16DB36A722D38F2F00AD02C6 /* Build configuration list for PBXNativeTarget "SwipeMeIn" */ = {
			isa = XCConfigurationList;
			buildConfigurations = (
				16DB36A822D38F2F00AD02C6 /* Debug */,
				16DB36A922D38F2F00AD02C6 /* Release */,
			);
			defaultConfigurationIsVisible = 0;
			defaultConfigurationName = Release;
		};
/* End XCConfigurationList section */

/* Begin XCVersionGroup section */
		16DB369C22D38F2D00AD02C6 /* SwipeMeIn.xcdatamodeld */ = {
			isa = XCVersionGroup;
			children = (
				16DB369D22D38F2D00AD02C6 /* SwipeMeIn.xcdatamodel */,
			);
			currentVersion = 16DB369D22D38F2D00AD02C6 /* SwipeMeIn.xcdatamodel */;
			path = SwipeMeIn.xcdatamodeld;
			sourceTree = "<group>";
			versionGroupType = wrapper.xcdatamodel;
		};
/* End XCVersionGroup section */
	};
	rootObject = 16DB368A22D38F2D00AD02C6 /* Project object */;
}
